{
  "name": "@lancejpollard/configured-quadratic-residue-prng.js",
  "version": "1.0.0",
  "lockfileVersion": 2,
  "requires": true,
  "packages": {
    "": {
      "name": "@lancejpollard/configured-quadratic-residue-prng.js",
      "version": "1.0.0",
      "dependencies": {
        "@lancejpollard/quadratic-residue-prng.js": "^1.0.0"
      }
    },
    "node_modules/@lancejpollard/quadratic-residue-prng.js": {
      "version": "1.0.0",
      "resolved": "https://registry.npmjs.org/@lancejpollard/quadratic-residue-prng.js/-/quadratic-residue-prng.js-1.0.0.tgz",
      "integrity": "sha512-njr7owTIRuTAncZeO5yZWZ2mBuSXZu0wqFqZsJm5gGcUKL+p+lyjOel+dKG3rouB0q//Nw1uYLa8foM89bnehQ=="
    }
  },
  "dependencies": {
    "@lancejpollard/quadratic-residue-prng.js": {
      "version": "1.0.0",
      "resolved": "https://registry.npmjs.org/@lancejpollard/quadratic-residue-prng.js/-/quadratic-residue-prng.js-1.0.0.tgz",
      "integrity": "sha512-njr7owTIRuTAncZeO5yZWZ2mBuSXZu0wqFqZsJm5gGcUKL+p+lyjOel+dKG3rouB0q//Nw1uYLa8foM89bnehQ=="
    }
  }
}
